Microsoft Visual Studio Solution File, Format Version 12.00
# Visual Studio 14
VisualStudioVersion = 14.0.24720.0
MinimumVisualStudioVersion = 10.0.40219.1
Project("{FAE04EC0-301F-11D3-BF4B-00C04F79EFBC}") = "PortfolioStream", "PortfolioStream\PortfolioStream.csproj", "{DD7E908B-B05F-43C5-91DD-F3553542CBDE}"
EndProject
Project("{FAE04EC0-301F-11D3-BF4B-00C04F79EFBC}") = "TestPortfolioStream", "TestPortfolioStream\TestPortfolioStream.csproj", "{739B542B-9F09-497A-BE2C-45EEF23F9A21}"
EndProject
Project("{FAE04EC0-301F-11D3-BF4B-00C04F79EFBC}") = "ParserConsoleApp", "ParserConsoleApp\ParserConsoleApp.csproj", "{78CE537F-D69D-42C7-B09D-A34BC9B9FE5B}"
EndProject
Global
	GlobalSection(SolutionConfigurationPlatforms) = preSolution
		Debug|Any CPU = Debug|Any CPU
		Release|Any CPU = Release|Any CPU
	EndGlobalSection
	GlobalSection(ProjectConfigurationPlatforms) = postSolution
		{DD7E908B-B05F-43C5-91DD-F3553542CBDE}.Debug|Any CPU.ActiveCfg = Debug|Any CPU
		{DD7E908B-B05F-43C5-91DD-F3553542CBDE}.Debug|Any CPU.Build.0 = Debug|Any CPU
		{DD7E908B-B05F-43C5-91DD-F3553542CBDE}.Release|Any CPU.ActiveCfg = Release|Any CPU
		{DD7E908B-B05F-43C5-91DD-F3553542CBDE}.Release|Any CPU.Build.0 = Release|Any CPU
		{739B542B-9F09-497A-BE2C-45EEF23F9A21}.Debug|Any CPU.ActiveCfg = Debug|Any CPU
		{739B542B-9F09-497A-BE2C-45EEF23F9A21}.Debug|Any CPU.Build.0 = Debug|Any CPU
		{739B542B-9F09-497A-BE2C-45EEF23F9A21}.Release|Any CPU.ActiveCfg = Release|Any CPU
		{739B542B-9F09-497A-BE2C-45EEF23F9A21}.Release|Any CPU.Build.0 = Release|Any CPU
		{78CE537F-D69D-42C7-B09D-A34BC9B9FE5B}.Debug|Any CPU.ActiveCfg = Debug|Any CPU
		{78CE537F-D69D-42C7-B09D-A34BC9B9FE5B}.Debug|Any CPU.Build.0 = Debug|Any CPU
		{78CE537F-D69D-42C7-B09D-A34BC9B9FE5B}.Release|Any CPU.ActiveCfg = Release|Any CPU
		{78CE537F-D69D-42C7-B09D-A34BC9B9FE5B}.Release|Any CPU.Build.0 = Release|Any CPU
	EndGlobalSection
	GlobalSection(SolutionProperties) = preSolution
		HideSolutionNode = FALSE
	EndGlobalSection
EndGlobal
